# This file is automatically @generated by Cargo.
# It is not intended for manual editing.
version = 4

[[package]]
name = "auto-launch"
version = "0.6.0"

[[package]]
name = "getrandom"
version = "0.2.17"

[[package]]
name = "mcpace"
version = "0.7.7"
dependencies = [
 "auto-launch",
 "getrandom",
 "serde_json",
 "which",
]

[[package]]
name = "serde_json"
version = "1.0.149"

[[package]]
name = "which"
version = "8.0.2"
